
Microsoft Visual Studio Solution File, Format Version 12.00
# Visual Studio Version 16
VisualStudioVersion = 16.0.30320.27
MinimumVisualStudioVersion = 10.0.40219.1
Project("{FAE04EC0-301F-11D3-BF4B-00C04F79EFBC}") = "ActivityLogEval.Client", "ActivityLogEval.Client\ActivityLogEval.Client.csproj", "{7DE85E60-3B0C-463E-9DEE-BA54CC72F183}"
EndProject
Project("{FAE04EC0-301F-11D3-BF4B-00C04F79EFBC}") = "ActivityLogEval.Abstractions", "ActivityLogEval.Abstractions\ActivityLogEval.Abstractions.csproj", "{0BB1B29A-A79C-4D3D-96E9-21BBFE6C7A2F}"
EndProject
Project("{FAE04EC0-301F-11D3-BF4B-00C04F79EFBC}") = "ActivityLogEval.MongoDb", "ActivityLogEval.MongoDb\ActivityLogEval.MongoDb.csproj", "{71639E0A-36FB-4F18-A36A-5A3E8325880D}"
EndProject
Project("{2150E333-8FDC-42A3-9474-1A3956D46DE8}") = "SolutionItems", "SolutionItems", "{BAAFD576-76B5-48D0-B83D-C41DB6E8B56B}"
EndProject
Global
	GlobalSection(SolutionConfigurationPlatforms) = preSolution
		Debug|Any CPU = Debug|Any CPU
		Release|Any CPU = Release|Any CPU
	EndGlobalSection
	GlobalSection(ProjectConfigurationPlatforms) = postSolution
		{7DE85E60-3B0C-463E-9DEE-BA54CC72F183}.Debug|Any CPU.ActiveCfg = Debug|Any CPU
		{7DE85E60-3B0C-463E-9DEE-BA54CC72F183}.Debug|Any CPU.Build.0 = Debug|Any CPU
		{7DE85E60-3B0C-463E-9DEE-BA54CC72F183}.Release|Any CPU.ActiveCfg = Release|Any CPU
		{7DE85E60-3B0C-463E-9DEE-BA54CC72F183}.Release|Any CPU.Build.0 = Release|Any CPU
		{0BB1B29A-A79C-4D3D-96E9-21BBFE6C7A2F}.Debug|Any CPU.ActiveCfg = Debug|Any CPU
		{0BB1B29A-A79C-4D3D-96E9-21BBFE6C7A2F}.Debug|Any CPU.Build.0 = Debug|Any CPU
		{0BB1B29A-A79C-4D3D-96E9-21BBFE6C7A2F}.Release|Any CPU.ActiveCfg = Release|Any CPU
		{0BB1B29A-A79C-4D3D-96E9-21BBFE6C7A2F}.Release|Any CPU.Build.0 = Release|Any CPU
		{71639E0A-36FB-4F18-A36A-5A3E8325880D}.Debug|Any CPU.ActiveCfg = Debug|Any CPU
		{71639E0A-36FB-4F18-A36A-5A3E8325880D}.Debug|Any CPU.Build.0 = Debug|Any CPU
		{71639E0A-36FB-4F18-A36A-5A3E8325880D}.Release|Any CPU.ActiveCfg = Release|Any CPU
		{71639E0A-36FB-4F18-A36A-5A3E8325880D}.Release|Any CPU.Build.0 = Release|Any CPU
	EndGlobalSection
	GlobalSection(SolutionProperties) = preSolution
		HideSolutionNode = FALSE
	EndGlobalSection
	GlobalSection(ExtensibilityGlobals) = postSolution
		SolutionGuid = {D2F59082-9219-411D-88D4-DE0E79804CCC}
	EndGlobalSection
EndGlobal
